
Microsoft Visual Studio Solution File, Format Version 12.00
# Visual Studio 14
VisualStudioVersion = 14.0.24720.0
MinimumVisualStudioVersion = 10.0.40219.1
Project("{FAE04EC0-301F-11D3-BF4B-00C04F79EFBC}") = "ACME.Api", "ACME.Api\ACME.Api.csproj", "{3B92E0C7-FD3C-4DFC-BE96-12E83B890B76}"
EndProject
Project("{FAE04EC0-301F-11D3-BF4B-00C04F79EFBC}") = "ACME.Web", "ACME.Web\ACME.Web.csproj", "{064C76DF-F4B4-4961-A1E3-11F99913161A}"
EndProject
Project("{FAE04EC0-301F-11D3-BF4B-00C04F79EFBC}") = "ACME.Business", "ACME.Business\ACME.Business.csproj", "{FD016B61-83F1-427C-8123-B5E0538D536F}"
EndProject
Project("{FAE04EC0-301F-11D3-BF4B-00C04F79EFBC}") = "ACME.DataAccess", "ACME.DataAccess\ACME.DataAccess.csproj", "{E98A80CF-4A2F-478B-95DA-6A7682BFE6A5}"
EndProject
Project("{FAE04EC0-301F-11D3-BF4B-00C04F79EFBC}") = "ACME.Data", "ACME.Data\ACME.Data.csproj", "{F4BC608E-1EBD-44D4-A9E0-9635E29684B9}"
EndProject
Project("{2150E333-8FDC-42A3-9474-1A3956D46DE8}") = "0 - Test", "0 - Test", "{367D625A-5D31-450C-BA22-F98A42CE51D6}"
EndProject
Project("{2150E333-8FDC-42A3-9474-1A3956D46DE8}") = "1.2 - Presentation Layer", "1.2 - Presentation Layer", "{7F3A0514-F2BC-4BA9-8DF3-F06653AFCD6F}"
EndProject
Project("{2150E333-8FDC-42A3-9474-1A3956D46DE8}") = "2 - Business Layer", "2 - Business Layer", "{7EFE5807-8108-4195-AAF4-B618DBC5A00E}"
EndProject
Project("{2150E333-8FDC-42A3-9474-1A3956D46DE8}") = "3 - Data Layer", "3 - Data Layer", "{883488F8-1418-4918-9B61-93E1BFC7978F}"
EndProject
Project("{2150E333-8FDC-42A3-9474-1A3956D46DE8}") = "1.1 - Handler", "1.1 - Handler", "{EE2721BE-D61A-4490-B2D0-EE950B993CD0}"
EndProject
Project("{FAE04EC0-301F-11D3-BF4B-00C04F79EFBC}") = "ACME.Common", "ACME.Common\ACME.Common.csproj", "{985ED0A2-567C-48B8-B2E4-8AD1F186B799}"
EndProject
Project("{FAE04EC0-301F-11D3-BF4B-00C04F79EFBC}") = "ACME.Handler", "ACME.Handler\ACME.Handler.csproj", "{CD59C732-34EB-4991-8303-74E85EF71609}"
EndProject
Project("{FAE04EC0-301F-11D3-BF4B-00C04F79EFBC}") = "ACME.TicketHandler", "ACME.TicketHandler\ACME.TicketHandler.csproj", "{33CEDD40-757A-4D5B-B340-723F357746B8}"
EndProject
Project("{FAE04EC0-301F-11D3-BF4B-00C04F79EFBC}") = "ACME.Test", "ACME.Test\ACME.Test.csproj", "{F29B66BF-4833-4BE2-B465-222BFC9482E1}"
EndProject
Project("{2150E333-8FDC-42A3-9474-1A3956D46DE8}") = "Solution Items", "Solution Items", "{CB810E8A-77E9-4F6A-B322-C977676EB7B4}"
	ProjectSection(SolutionItems) = preProject
		Local.testsettings = Local.testsettings
	EndProjectSection
EndProject
Project("{2150E333-8FDC-42A3-9474-1A3956D46DE8}") = "handlers", "handlers", "{F96F9598-B119-4ABC-99B7-360DDDDE1435}"
EndProject
Project("{911E67C6-3D85-4FCE-B560-20A9C3E3FF48}") = "ACME.Handler", "ACME.Handler\bin\Debug\ACME.Handler.exe", "{66695A3F-30B6-46C5-8FB8-D5E1BA25B31D}"
	ProjectSection(DebuggerProjectSystem) = preProject
		PortSupplier = 00000000-0000-0000-0000-000000000000
		Executable = C:\Users\GRM\Documents\Visual Studio 2015\Projects\ACME.Api\ACME.Handler\bin\Debug\ACME.Handler.exe
		RemoteMachine = D09344
		StartingDirectory = C:\Users\GRM\Documents\Visual Studio 2015\Projects\ACME.Api\ACME.Handler\bin\Debug
		Environment = Default
		LaunchingEngine = 00000000-0000-0000-0000-000000000000
		UseLegacyDebugEngines = No
		LaunchSQLEngine = No
		AttachLaunchAction = No
	EndProjectSection
EndProject
Project("{911E67C6-3D85-4FCE-B560-20A9C3E3FF48}") = "ACME.TicketHandler", "ACME.TicketHandler\bin\Debug\ACME.TicketHandler.exe", "{7103E0C0-4890-46CF-9D35-C83A7182AE6F}"
	ProjectSection(DebuggerProjectSystem) = preProject
		PortSupplier = 00000000-0000-0000-0000-000000000000
		Executable = C:\Users\GRM\Documents\Visual Studio 2015\Projects\ACME.Api\ACME.TicketHandler\bin\Debug\ACME.TicketHandler.exe
		RemoteMachine = D09344
		StartingDirectory = C:\Users\GRM\Documents\Visual Studio 2015\Projects\ACME.Api\ACME.TicketHandler\bin\Debug
		Environment = Default
		LaunchingEngine = 00000000-0000-0000-0000-000000000000
		UseLegacyDebugEngines = No
		LaunchSQLEngine = No
		AttachLaunchAction = No
	EndProjectSection
EndProject
Global
	GlobalSection(SolutionConfigurationPlatforms) = preSolution
		Debug|Any CPU = Debug|Any CPU
		Debug|x86 = Debug|x86
		MSQ|Any CPU = MSQ|Any CPU
		MSQ|x86 = MSQ|x86
		NoMSQ|Any CPU = NoMSQ|Any CPU
		NoMSQ|x86 = NoMSQ|x86
		Release|Any CPU = Release|Any CPU
		Release|x86 = Release|x86
	EndGlobalSection
	GlobalSection(ProjectConfigurationPlatforms) = postSolution
		{3B92E0C7-FD3C-4DFC-BE96-12E83B890B76}.Debug|Any CPU.ActiveCfg = Debug|Any CPU
		{3B92E0C7-FD3C-4DFC-BE96-12E83B890B76}.Debug|Any CPU.Build.0 = Debug|Any CPU
		{3B92E0C7-FD3C-4DFC-BE96-12E83B890B76}.Debug|x86.ActiveCfg = Debug|Any CPU
		{3B92E0C7-FD3C-4DFC-BE96-12E83B890B76}.Debug|x86.Build.0 = Debug|Any CPU
		{3B92E0C7-FD3C-4DFC-BE96-12E83B890B76}.MSQ|Any CPU.ActiveCfg = Release|Any CPU
		{3B92E0C7-FD3C-4DFC-BE96-12E83B890B76}.MSQ|x86.ActiveCfg = Release|Any CPU
		{3B92E0C7-FD3C-4DFC-BE96-12E83B890B76}.NoMSQ|Any CPU.ActiveCfg = Release|Any CPU
		{3B92E0C7-FD3C-4DFC-BE96-12E83B890B76}.NoMSQ|x86.ActiveCfg = Release|Any CPU
		{3B92E0C7-FD3C-4DFC-BE96-12E83B890B76}.Release|Any CPU.ActiveCfg = Release|Any CPU
		{3B92E0C7-FD3C-4DFC-BE96-12E83B890B76}.Release|Any CPU.Build.0 = Release|Any CPU
		{3B92E0C7-FD3C-4DFC-BE96-12E83B890B76}.Release|x86.ActiveCfg = Release|Any CPU
		{3B92E0C7-FD3C-4DFC-BE96-12E83B890B76}.Release|x86.Build.0 = Release|Any CPU
		{064C76DF-F4B4-4961-A1E3-11F99913161A}.Debug|Any CPU.ActiveCfg = Debug|Any CPU
		{064C76DF-F4B4-4961-A1E3-11F99913161A}.Debug|Any CPU.Build.0 = Debug|Any CPU
		{064C76DF-F4B4-4961-A1E3-11F99913161A}.Debug|x86.ActiveCfg = Debug|Any CPU
		{064C76DF-F4B4-4961-A1E3-11F99913161A}.Debug|x86.Build.0 = Debug|Any CPU
		{064C76DF-F4B4-4961-A1E3-11F99913161A}.MSQ|Any CPU.ActiveCfg = MSQ|Any CPU
		{064C76DF-F4B4-4961-A1E3-11F99913161A}.MSQ|Any CPU.Build.0 = MSQ|Any CPU
		{064C76DF-F4B4-4961-A1E3-11F99913161A}.MSQ|x86.ActiveCfg = MSQ|Any CPU
		{064C76DF-F4B4-4961-A1E3-11F99913161A}.MSQ|x86.Build.0 = MSQ|Any CPU
		{064C76DF-F4B4-4961-A1E3-11F99913161A}.NoMSQ|Any CPU.ActiveCfg = NoMSQ|Any CPU
		{064C76DF-F4B4-4961-A1E3-11F99913161A}.NoMSQ|Any CPU.Build.0 = NoMSQ|Any CPU
		{064C76DF-F4B4-4961-A1E3-11F99913161A}.NoMSQ|x86.ActiveCfg = NoMSQ|Any CPU
		{064C76DF-F4B4-4961-A1E3-11F99913161A}.NoMSQ|x86.Build.0 = NoMSQ|Any CPU
		{064C76DF-F4B4-4961-A1E3-11F99913161A}.Release|Any CPU.ActiveCfg = Release|Any CPU
		{064C76DF-F4B4-4961-A1E3-11F99913161A}.Release|Any CPU.Build.0 = Release|Any CPU
		{064C76DF-F4B4-4961-A1E3-11F99913161A}.Release|x86.ActiveCfg = Release|Any CPU
		{064C76DF-F4B4-4961-A1E3-11F99913161A}.Release|x86.Build.0 = Release|Any CPU
		{FD016B61-83F1-427C-8123-B5E0538D536F}.Debug|Any CPU.ActiveCfg = Debug|Any CPU
		{FD016B61-83F1-427C-8123-B5E0538D536F}.Debug|Any CPU.Build.0 = Debug|Any CPU
		{FD016B61-83F1-427C-8123-B5E0538D536F}.Debug|x86.ActiveCfg = Debug|Any CPU
		{FD016B61-83F1-427C-8123-B5E0538D536F}.Debug|x86.Build.0 = Debug|Any CPU
		{FD016B61-83F1-427C-8123-B5E0538D536F}.MSQ|Any CPU.ActiveCfg = MSQ|Any CPU
		{FD016B61-83F1-427C-8123-B5E0538D536F}.MSQ|Any CPU.Build.0 = MSQ|Any CPU
		{FD016B61-83F1-427C-8123-B5E0538D536F}.MSQ|x86.ActiveCfg = MSQ|Any CPU
		{FD016B61-83F1-427C-8123-B5E0538D536F}.MSQ|x86.Build.0 = MSQ|Any CPU
		{FD016B61-83F1-427C-8123-B5E0538D536F}.NoMSQ|Any CPU.ActiveCfg = NoMSQ|Any CPU
		{FD016B61-83F1-427C-8123-B5E0538D536F}.NoMSQ|Any CPU.Build.0 = NoMSQ|Any CPU
		{FD016B61-83F1-427C-8123-B5E0538D536F}.NoMSQ|x86.ActiveCfg = NoMSQ|Any CPU
		{FD016B61-83F1-427C-8123-B5E0538D536F}.NoMSQ|x86.Build.0 = NoMSQ|Any CPU
		{FD016B61-83F1-427C-8123-B5E0538D536F}.Release|Any CPU.ActiveCfg = Release|Any CPU
		{FD016B61-83F1-427C-8123-B5E0538D536F}.Release|Any CPU.Build.0 = Release|Any CPU
		{FD016B61-83F1-427C-8123-B5E0538D536F}.Release|x86.ActiveCfg = Release|Any CPU
		{FD016B61-83F1-427C-8123-B5E0538D536F}.Release|x86.Build.0 = Release|Any CPU
		{E98A80CF-4A2F-478B-95DA-6A7682BFE6A5}.Debug|Any CPU.ActiveCfg = Debug|Any CPU
		{E98A80CF-4A2F-478B-95DA-6A7682BFE6A5}.Debug|Any CPU.Build.0 = Debug|Any CPU
		{E98A80CF-4A2F-478B-95DA-6A7682BFE6A5}.Debug|x86.ActiveCfg = Debug|Any CPU
		{E98A80CF-4A2F-478B-95DA-6A7682BFE6A5}.Debug|x86.Build.0 = Debug|Any CPU
		{E98A80CF-4A2F-478B-95DA-6A7682BFE6A5}.MSQ|Any CPU.ActiveCfg = MSQ|Any CPU
		{E98A80CF-4A2F-478B-95DA-6A7682BFE6A5}.MSQ|Any CPU.Build.0 = MSQ|Any CPU
		{E98A80CF-4A2F-478B-95DA-6A7682BFE6A5}.MSQ|x86.ActiveCfg = MSQ|Any CPU
		{E98A80CF-4A2F-478B-95DA-6A7682BFE6A5}.MSQ|x86.Build.0 = MSQ|Any CPU
		{E98A80CF-4A2F-478B-95DA-6A7682BFE6A5}.NoMSQ|Any CPU.ActiveCfg = NoMSQ|Any CPU
		{E98A80CF-4A2F-478B-95DA-6A7682BFE6A5}.NoMSQ|Any CPU.Build.0 = NoMSQ|Any CPU
		{E98A80CF-4A2F-478B-95DA-6A7682BFE6A5}.NoMSQ|x86.ActiveCfg = NoMSQ|Any CPU
		{E98A80CF-4A2F-478B-95DA-6A7682BFE6A5}.NoMSQ|x86.Build.0 = NoMSQ|Any CPU
		{E98A80CF-4A2F-478B-95DA-6A7682BFE6A5}.Release|Any CPU.ActiveCfg = Release|Any CPU
		{E98A80CF-4A2F-478B-95DA-6A7682BFE6A5}.Release|Any CPU.Build.0 = Release|Any CPU
		{E98A80CF-4A2F-478B-95DA-6A7682BFE6A5}.Release|x86.ActiveCfg = Release|Any CPU
		{E98A80CF-4A2F-478B-95DA-6A7682BFE6A5}.Release|x86.Build.0 = Release|Any CPU
		{F4BC608E-1EBD-44D4-A9E0-9635E29684B9}.Debug|Any CPU.ActiveCfg = Debug|Any CPU
		{F4BC608E-1EBD-44D4-A9E0-9635E29684B9}.Debug|Any CPU.Build.0 = Debug|Any CPU
		{F4BC608E-1EBD-44D4-A9E0-9635E29684B9}.Debug|x86.ActiveCfg = Debug|Any CPU
		{F4BC608E-1EBD-44D4-A9E0-9635E29684B9}.Debug|x86.Build.0 = Debug|Any CPU
		{F4BC608E-1EBD-44D4-A9E0-9635E29684B9}.MSQ|Any CPU.ActiveCfg = MSQ|Any CPU
		{F4BC608E-1EBD-44D4-A9E0-9635E29684B9}.MSQ|Any CPU.Build.0 = MSQ|Any CPU
		{F4BC608E-1EBD-44D4-A9E0-9635E29684B9}.MSQ|x86.ActiveCfg = MSQ|Any CPU
		{F4BC608E-1EBD-44D4-A9E0-9635E29684B9}.MSQ|x86.Build.0 = MSQ|Any CPU
		{F4BC608E-1EBD-44D4-A9E0-9635E29684B9}.NoMSQ|Any CPU.ActiveCfg = NoMSQ|Any CPU
		{F4BC608E-1EBD-44D4-A9E0-9635E29684B9}.NoMSQ|Any CPU.Build.0 = NoMSQ|Any CPU
		{F4BC608E-1EBD-44D4-A9E0-9635E29684B9}.NoMSQ|x86.ActiveCfg = NoMSQ|Any CPU
		{F4BC608E-1EBD-44D4-A9E0-9635E29684B9}.NoMSQ|x86.Build.0 = NoMSQ|Any CPU
		{F4BC608E-1EBD-44D4-A9E0-9635E29684B9}.Release|Any CPU.ActiveCfg = Release|Any CPU
		{F4BC608E-1EBD-44D4-A9E0-9635E29684B9}.Release|Any CPU.Build.0 = Release|Any CPU
		{F4BC608E-1EBD-44D4-A9E0-9635E29684B9}.Release|x86.ActiveCfg = Release|Any CPU
		{F4BC608E-1EBD-44D4-A9E0-9635E29684B9}.Release|x86.Build.0 = Release|Any CPU
		{985ED0A2-567C-48B8-B2E4-8AD1F186B799}.Debug|Any CPU.ActiveCfg = Debug|Any CPU
		{985ED0A2-567C-48B8-B2E4-8AD1F186B799}.Debug|Any CPU.Build.0 = Debug|Any CPU
		{985ED0A2-567C-48B8-B2E4-8AD1F186B799}.Debug|x86.ActiveCfg = Debug|Any CPU
		{985ED0A2-567C-48B8-B2E4-8AD1F186B799}.Debug|x86.Build.0 = Debug|Any CPU
		{985ED0A2-567C-48B8-B2E4-8AD1F186B799}.MSQ|Any CPU.ActiveCfg = MSQ|Any CPU
		{985ED0A2-567C-48B8-B2E4-8AD1F186B799}.MSQ|Any CPU.Build.0 = MSQ|Any CPU
		{985ED0A2-567C-48B8-B2E4-8AD1F186B799}.MSQ|x86.ActiveCfg = MSQ|Any CPU
		{985ED0A2-567C-48B8-B2E4-8AD1F186B799}.MSQ|x86.Build.0 = MSQ|Any CPU
		{985ED0A2-567C-48B8-B2E4-8AD1F186B799}.NoMSQ|Any CPU.ActiveCfg = NoMSQ|Any CPU
		{985ED0A2-567C-48B8-B2E4-8AD1F186B799}.NoMSQ|Any CPU.Build.0 = NoMSQ|Any CPU
		{985ED0A2-567C-48B8-B2E4-8AD1F186B799}.NoMSQ|x86.ActiveCfg = NoMSQ|Any CPU
		{985ED0A2-567C-48B8-B2E4-8AD1F186B799}.NoMSQ|x86.Build.0 = NoMSQ|Any CPU
		{985ED0A2-567C-48B8-B2E4-8AD1F186B799}.Release|Any CPU.ActiveCfg = Release|Any CPU
		{985ED0A2-567C-48B8-B2E4-8AD1F186B799}.Release|Any CPU.Build.0 = Release|Any CPU
		{985ED0A2-567C-48B8-B2E4-8AD1F186B799}.Release|x86.ActiveCfg = Release|Any CPU
		{985ED0A2-567C-48B8-B2E4-8AD1F186B799}.Release|x86.Build.0 = Release|Any CPU
		{CD59C732-34EB-4991-8303-74E85EF71609}.Debug|Any CPU.ActiveCfg = Debug|Any CPU
		{CD59C732-34EB-4991-8303-74E85EF71609}.Debug|Any CPU.Build.0 = Debug|Any CPU
		{CD59C732-34EB-4991-8303-74E85EF71609}.Debug|x86.ActiveCfg = Debug|Any CPU
		{CD59C732-34EB-4991-8303-74E85EF71609}.Debug|x86.Build.0 = Debug|Any CPU
		{CD59C732-34EB-4991-8303-74E85EF71609}.MSQ|Any CPU.ActiveCfg = MSQ|Any CPU
		{CD59C732-34EB-4991-8303-74E85EF71609}.MSQ|Any CPU.Build.0 = MSQ|Any CPU
		{CD59C732-34EB-4991-8303-74E85EF71609}.MSQ|x86.ActiveCfg = MSQ|Any CPU
		{CD59C732-34EB-4991-8303-74E85EF71609}.MSQ|x86.Build.0 = MSQ|Any CPU
		{CD59C732-34EB-4991-8303-74E85EF71609}.NoMSQ|Any CPU.ActiveCfg = NoMSQ|Any CPU
		{CD59C732-34EB-4991-8303-74E85EF71609}.NoMSQ|Any CPU.Build.0 = NoMSQ|Any CPU
		{CD59C732-34EB-4991-8303-74E85EF71609}.NoMSQ|x86.ActiveCfg = NoMSQ|Any CPU
		{CD59C732-34EB-4991-8303-74E85EF71609}.NoMSQ|x86.Build.0 = NoMSQ|Any CPU
		{CD59C732-34EB-4991-8303-74E85EF71609}.Release|Any CPU.ActiveCfg = Release|Any CPU
		{CD59C732-34EB-4991-8303-74E85EF71609}.Release|Any CPU.Build.0 = Release|Any CPU
		{CD59C732-34EB-4991-8303-74E85EF71609}.Release|x86.ActiveCfg = Release|Any CPU
		{CD59C732-34EB-4991-8303-74E85EF71609}.Release|x86.Build.0 = Release|Any CPU
		{33CEDD40-757A-4D5B-B340-723F357746B8}.Debug|Any CPU.ActiveCfg = Debug|Any CPU
		{33CEDD40-757A-4D5B-B340-723F357746B8}.Debug|Any CPU.Build.0 = Debug|Any CPU
		{33CEDD40-757A-4D5B-B340-723F357746B8}.Debug|x86.ActiveCfg = Debug|Any CPU
		{33CEDD40-757A-4D5B-B340-723F357746B8}.Debug|x86.Build.0 = Debug|Any CPU
		{33CEDD40-757A-4D5B-B340-723F357746B8}.MSQ|Any CPU.ActiveCfg = MSQ|Any CPU
		{33CEDD40-757A-4D5B-B340-723F357746B8}.MSQ|Any CPU.Build.0 = MSQ|Any CPU
		{33CEDD40-757A-4D5B-B340-723F357746B8}.MSQ|x86.ActiveCfg = MSQ|Any CPU
		{33CEDD40-757A-4D5B-B340-723F357746B8}.MSQ|x86.Build.0 = MSQ|Any CPU
		{33CEDD40-757A-4D5B-B340-723F357746B8}.NoMSQ|Any CPU.ActiveCfg = NoMSQ|Any CPU
		{33CEDD40-757A-4D5B-B340-723F357746B8}.NoMSQ|Any CPU.Build.0 = NoMSQ|Any CPU
		{33CEDD40-757A-4D5B-B340-723F357746B8}.NoMSQ|x86.ActiveCfg = NoMSQ|Any CPU
		{33CEDD40-757A-4D5B-B340-723F357746B8}.NoMSQ|x86.Build.0 = NoMSQ|Any CPU
		{33CEDD40-757A-4D5B-B340-723F357746B8}.Release|Any CPU.ActiveCfg = Release|Any CPU
		{33CEDD40-757A-4D5B-B340-723F357746B8}.Release|Any CPU.Build.0 = Release|Any CPU
		{33CEDD40-757A-4D5B-B340-723F357746B8}.Release|x86.ActiveCfg = Release|Any CPU
		{33CEDD40-757A-4D5B-B340-723F357746B8}.Release|x86.Build.0 = Release|Any CPU
		{F29B66BF-4833-4BE2-B465-222BFC9482E1}.Debug|Any CPU.ActiveCfg = Debug|Any CPU
		{F29B66BF-4833-4BE2-B465-222BFC9482E1}.Debug|Any CPU.Build.0 = Debug|Any CPU
		{F29B66BF-4833-4BE2-B465-222BFC9482E1}.Debug|x86.ActiveCfg = Debug|Any CPU
		{F29B66BF-4833-4BE2-B465-222BFC9482E1}.Debug|x86.Build.0 = Debug|Any CPU
		{F29B66BF-4833-4BE2-B465-222BFC9482E1}.MSQ|Any CPU.ActiveCfg = MSQ|Any CPU
		{F29B66BF-4833-4BE2-B465-222BFC9482E1}.MSQ|Any CPU.Build.0 = MSQ|Any CPU
		{F29B66BF-4833-4BE2-B465-222BFC9482E1}.MSQ|x86.ActiveCfg = MSQ|Any CPU
		{F29B66BF-4833-4BE2-B465-222BFC9482E1}.MSQ|x86.Build.0 = MSQ|Any CPU
		{F29B66BF-4833-4BE2-B465-222BFC9482E1}.NoMSQ|Any CPU.ActiveCfg = NoMSQ|Any CPU
		{F29B66BF-4833-4BE2-B465-222BFC9482E1}.NoMSQ|Any CPU.Build.0 = NoMSQ|Any CPU
		{F29B66BF-4833-4BE2-B465-222BFC9482E1}.NoMSQ|x86.ActiveCfg = NoMSQ|Any CPU
		{F29B66BF-4833-4BE2-B465-222BFC9482E1}.NoMSQ|x86.Build.0 = NoMSQ|Any CPU
		{F29B66BF-4833-4BE2-B465-222BFC9482E1}.Release|Any CPU.ActiveCfg = Release|Any CPU
		{F29B66BF-4833-4BE2-B465-222BFC9482E1}.Release|Any CPU.Build.0 = Release|Any CPU
		{F29B66BF-4833-4BE2-B465-222BFC9482E1}.Release|x86.ActiveCfg = Release|Any CPU
		{F29B66BF-4833-4BE2-B465-222BFC9482E1}.Release|x86.Build.0 = Release|Any CPU
		{66695A3F-30B6-46C5-8FB8-D5E1BA25B31D}.Debug|Any CPU.ActiveCfg = Release
		{66695A3F-30B6-46C5-8FB8-D5E1BA25B31D}.Debug|x86.ActiveCfg = Release
		{66695A3F-30B6-46C5-8FB8-D5E1BA25B31D}.MSQ|Any CPU.ActiveCfg = Release
		{66695A3F-30B6-46C5-8FB8-D5E1BA25B31D}.MSQ|x86.ActiveCfg = Release
		{66695A3F-30B6-46C5-8FB8-D5E1BA25B31D}.NoMSQ|Any CPU.ActiveCfg = Release
		{66695A3F-30B6-46C5-8FB8-D5E1BA25B31D}.NoMSQ|x86.ActiveCfg = Release
		{66695A3F-30B6-46C5-8FB8-D5E1BA25B31D}.Release|Any CPU.ActiveCfg = Release
		{66695A3F-30B6-46C5-8FB8-D5E1BA25B31D}.Release|x86.ActiveCfg = Release
		{7103E0C0-4890-46CF-9D35-C83A7182AE6F}.Debug|Any CPU.ActiveCfg = Release
		{7103E0C0-4890-46CF-9D35-C83A7182AE6F}.Debug|x86.ActiveCfg = Release
		{7103E0C0-4890-46CF-9D35-C83A7182AE6F}.MSQ|Any CPU.ActiveCfg = Release
		{7103E0C0-4890-46CF-9D35-C83A7182AE6F}.MSQ|x86.ActiveCfg = Release
		{7103E0C0-4890-46CF-9D35-C83A7182AE6F}.NoMSQ|Any CPU.ActiveCfg = Release
		{7103E0C0-4890-46CF-9D35-C83A7182AE6F}.NoMSQ|x86.ActiveCfg = Release
		{7103E0C0-4890-46CF-9D35-C83A7182AE6F}.Release|Any CPU.ActiveCfg = Release
		{7103E0C0-4890-46CF-9D35-C83A7182AE6F}.Release|x86.ActiveCfg = Release
	EndGlobalSection
	GlobalSection(SolutionProperties) = preSolution
		HideSolutionNode = FALSE
	EndGlobalSection
	GlobalSection(NestedProjects) = preSolution
		{3B92E0C7-FD3C-4DFC-BE96-12E83B890B76} = {7F3A0514-F2BC-4BA9-8DF3-F06653AFCD6F}
		{064C76DF-F4B4-4961-A1E3-11F99913161A} = {7F3A0514-F2BC-4BA9-8DF3-F06653AFCD6F}
		{FD016B61-83F1-427C-8123-B5E0538D536F} = {7EFE5807-8108-4195-AAF4-B618DBC5A00E}
		{E98A80CF-4A2F-478B-95DA-6A7682BFE6A5} = {883488F8-1418-4918-9B61-93E1BFC7978F}
		{F4BC608E-1EBD-44D4-A9E0-9635E29684B9} = {883488F8-1418-4918-9B61-93E1BFC7978F}
		{985ED0A2-567C-48B8-B2E4-8AD1F186B799} = {7EFE5807-8108-4195-AAF4-B618DBC5A00E}
		{CD59C732-34EB-4991-8303-74E85EF71609} = {EE2721BE-D61A-4490-B2D0-EE950B993CD0}
		{33CEDD40-757A-4D5B-B340-723F357746B8} = {EE2721BE-D61A-4490-B2D0-EE950B993CD0}
		{F29B66BF-4833-4BE2-B465-222BFC9482E1} = {367D625A-5D31-450C-BA22-F98A42CE51D6}
		{CB810E8A-77E9-4F6A-B322-C977676EB7B4} = {367D625A-5D31-450C-BA22-F98A42CE51D6}
		{F96F9598-B119-4ABC-99B7-360DDDDE1435} = {367D625A-5D31-450C-BA22-F98A42CE51D6}
		{66695A3F-30B6-46C5-8FB8-D5E1BA25B31D} = {F96F9598-B119-4ABC-99B7-360DDDDE1435}
		{7103E0C0-4890-46CF-9D35-C83A7182AE6F} = {F96F9598-B119-4ABC-99B7-360DDDDE1435}
	EndGlobalSection
EndGlobal
